{
  "name": "document-db",
  "version": "1.0.0",
  "lockfileVersion": 1,
  "requires": true,
  "dependencies": {
    "@types/node": {
      "version": "10.3.3",
      "resolved": "https://registry.npmjs.org/@types/node/-/node-10.3.3.tgz",
      "integrity": "sha512-/gwCgiI2e9RzzZTKbl+am3vgNqOt7a9fJ/uxv4SqYKxenoEDNVU3KZEadlpusWhQI0A0dOrZ0T68JYKVjzmgdQ=="
    },
    "uuid-v4": {
      "version": "0.1.0",
      "resolved": "https://registry.npmjs.org/uuid-v4/-/uuid-v4-0.1.0.tgz",
      "integrity": "sha1-YtezEEBvbOz+oVKMafHo4LzsWjo="
    }
  }
}
